// !$*UTF8*$!
{
	archiveVersion = 1;
	classes = {
	};
	objectVersion = 56;
	objects = {

/* Begin PBXBuildFile section */
		D832BA5428BE029100864B43 /* AppDelegate.swift in Sources */ = {isa = PBXBuildFile; fileRef = D832BA5328BE029100864B43 /* AppDelegate.swift */; };
		D832BA5628BE029100864B43 /* SceneDelegate.swift in Sources */ = {isa = PBXBuildFile; fileRef = D832BA5528BE029100864B43 /* SceneDelegate.swift */; };
		D832BA5828BE029100864B43 /* ViewController.swift in Sources */ = {isa = PBXBuildFile; fileRef = D832BA5728BE029100864B43 /* ViewController.swift */; };
		D832BA5B28BE029100864B43 /* Main.storyboard in Resources */ = {isa = PBXBuildFile; fileRef = D832BA5928BE029100864B43 /* Main.storyboard */; };
		D832BA5D28BE029300864B43 /* Assets.xcassets in Resources */ = {isa = PBXBuildFile; fileRef = D832BA5C28BE029300864B43 /* Assets.xcassets */; };
		D832BA6028BE029300864B43 /* LaunchScreen.storyboard in Resources */ = {isa = PBXBuildFile; fileRef = D832BA5E28BE029300864B43 /* LaunchScreen.storyboard */; };
		D832BA6828BE032C00864B43 /* rx.swift in Sources */ = {isa = PBXBuildFile; fileRef = D832BA6728BE032C00864B43 /* rx.swift */; };
		D832BA6A28BE2A0D00864B43 /* event.swift in Sources */ = {isa = PBXBuildFile; fileRef = D832BA6928BE2A0D00864B43 /* event.swift */; };
		D832BA6C28BE2A2800864B43 /* pub.swift in Sources */ = {isa = PBXBuildFile; fileRef = D832BA6B28BE2A2800864B43 /* pub.swift */; };
		D832BA6E28BE2A2C00864B43 /* sub.swift in Sources */ = {isa = PBXBuildFile; fileRef = D832BA6D28BE2A2C00864B43 /* sub.swift */; };
		D832BA7028BE2A3D00864B43 /* dispose.swift in Sources */ = {isa = PBXBuildFile; fileRef = D832BA6F28BE2A3D00864B43 /* dispose.swift */; };
/* End PBXBuildFile section */

/* Begin PBXFileReference section */
		D832BA5028BE029100864B43 /* HBRxSwift.app */ = {isa = PBXFileReference; explicitFileType = wrapper.application; includeInIndex = 0; path = HBRxSwift.app; sourceTree = BUILT_PRODUCTS_DIR; };
		D832BA5328BE029100864B43 /* AppDelegate.swift */ = {isa = PBXFileReference; lastKnownFileType = sourcecode.swift; path = AppDelegate.swift; sourceTree = "<group>"; };
		D832BA5528BE029100864B43 /* SceneDelegate.swift */ = {isa = PBXFileReference; lastKnownFileType = sourcecode.swift; path = SceneDelegate.swift; sourceTree = "<group>"; };
		D832BA5728BE029100864B43 /* ViewController.swift */ = {isa = PBXFileReference; lastKnownFileType = sourcecode.swift; path = ViewController.swift; sourceTree = "<group>"; };
		D832BA5A28BE029100864B43 /* Base */ = {isa = PBXFileReference; lastKnownFileType = file.storyboard; name = Base; path = Base.lproj/Main.storyboard; sourceTree = "<group>"; };
		D832BA5C28BE029300864B43 /* Assets.xcassets */ = {isa = PBXFileReference; lastKnownFileType = folder.assetcatalog; path = Assets.xcassets; sourceTree = "<group>"; };
		D832BA5F28BE029300864B43 /* Base */ = {isa = PBXFileReference; lastKnownFileType = file.storyboard; name = Base; path = Base.lproj/LaunchScreen.storyboard; sourceTree = "<group>"; };
		D832BA6128BE029300864B43 /* Info.plist */ = {isa = PBXFileReference; lastKnownFileType = text.plist.xml; path = Info.plist; sourceTree = "<group>"; };
		D832BA6728BE032C00864B43 /* rx.swift */ = {isa = PBXFileReference; lastKnownFileType = sourcecode.swift; path = rx.swift; sourceTree = "<group>"; };
		D832BA6928BE2A0D00864B43 /* event.swift */ = {isa = PBXFileReference; lastKnownFileType = sourcecode.swift; path = event.swift; sourceTree = "<group>"; };
		D832BA6B28BE2A2800864B43 /* pub.swift */ = {isa = PBXFileReference; lastKnownFileType = sourcecode.swift; path = pub.swift; sourceTree = "<group>"; };
		D832BA6D28BE2A2C00864B43 /* sub.swift */ = {isa = PBXFileReference; lastKnownFileType = sourcecode.swift; path = sub.swift; sourceTree = "<group>"; };
		D832BA6F28BE2A3D00864B43 /* dispose.swift */ = {isa = PBXFileReference; lastKnownFileType = sourcecode.swift; path = dispose.swift; sourceTree = "<group>"; };
/* End PBXFileReference section */

/* Begin PBXFrameworksBuildPhase section */
		D832BA4D28BE029100864B43 /* Frameworks */ = {
			isa = PBXFrameworksBuildPhase;
			buildActionMask = 2147483647;
			files = (
			);
			runOnlyForDeploymentPostprocessing = 0;
		};
/* End PBXFrameworksBuildPhase section */

/* Begin PBXGroup section */
		D832BA4728BE029100864B43 = {
			isa = PBXGroup;
			children = (
				D832BA5228BE029100864B43 /* HBRxSwift */,
				D832BA5128BE029100864B43 /* Products */,
			);
			sourceTree = "<group>";
		};
		D832BA5128BE029100864B43 /* Products */ = {
			isa = PBXGroup;
			children = (
				D832BA5028BE029100864B43 /* HBRxSwift.app */,
			);
			name = Products;
			sourceTree = "<group>";
		};
		D832BA5228BE029100864B43 /* HBRxSwift */ = {
			isa = PBXGroup;
			children = (
				D832BA5328BE029100864B43 /* AppDelegate.swift */,
				D832BA5528BE029100864B43 /* SceneDelegate.swift */,
				D832BA5728BE029100864B43 /* ViewController.swift */,
				D832BA6728BE032C00864B43 /* rx.swift */,
				D832BA6928BE2A0D00864B43 /* event.swift */,
				D832BA6B28BE2A2800864B43 /* pub.swift */,
				D832BA6D28BE2A2C00864B43 /* sub.swift */,
				D832BA6F28BE2A3D00864B43 /* dispose.swift */,
				D832BA5928BE029100864B43 /* Main.storyboard */,
				D832BA5C28BE029300864B43 /* Assets.xcassets */,
				D832BA5E28BE029300864B43 /* LaunchScreen.storyboard */,
				D832BA6128BE029300864B43 /* Info.plist */,
			);
			path = HBRxSwift;
			sourceTree = "<group>";
		};
/* End PBXGroup section */

/* Begin PBXNativeTarget section */
		D832BA4F28BE029100864B43 /* HBRxSwift */ = {
			isa = PBXNativeTarget;
			buildConfigurationList = D832BA6428BE029300864B43 /* Build configuration list for PBXNativeTarget "HBRxSwift" */;
			buildPhases = (
				D832BA4C28BE029100864B43 /* Sources */,
				D832BA4D28BE029100864B43 /* Frameworks */,
				D832BA4E28BE029100864B43 /* Resources */,
			);
			buildRules = (
			);
			dependencies = (
			);
			name = HBRxSwift;
			productName = HBRxSwift;
			productReference = D832BA5028BE029100864B43 /* HBRxSwift.app */;
			productType = "com.apple.product-type.application";
		};
/* End PBXNativeTarget section */

/* Begin PBXProject section */
		D832BA4828BE029100864B43 /* Project object */ = {
			isa = PBXProject;
			attributes = {
				BuildIndependentTargetsInParallel = 1;
				LastSwiftUpdateCheck = 1400;
				LastUpgradeCheck = 1400;
				TargetAttributes = {
					D832BA4F28BE029100864B43 = {
						CreatedOnToolsVersion = 14.0;
					};
				};
			};
			buildConfigurationList = D832BA4B28BE029100864B43 /* Build configuration list for PBXProject "HBRxSwift" */;
			compatibilityVersion = "Xcode 14.0";
			developmentRegion = en;
			hasScannedForEncodings = 0;
			knownRegions = (
				en,
				Base,
			);
			mainGroup = D832BA4728BE029100864B43;
			productRefGroup = D832BA5128BE029100864B43 /* Products */;
			projectDirPath = "";
			projectRoot = "";
			targets = (
				D832BA4F28BE029100864B43 /* HBRxSwift */,
			);
		};
/* End PBXProject section */

/* Begin PBXResourcesBuildPhase section */
		D832BA4E28BE029100864B43 /* Resources */ = {
			isa = PBXResourcesBuildPhase;
			buildActionMask = 2147483647;
			files = (
				D832BA6028BE029300864B43 /* LaunchScreen.storyboard in Resources */,
				D832BA5D28BE029300864B43 /* Assets.xcassets in Resources */,
				D832BA5B28BE029100864B43 /* Main.storyboard in Resources */,
			);
			runOnlyForDeploymentPostprocessing = 0;
		};
/* End PBXResourcesBuildPhase section */

/* Begin PBXSourcesBuildPhase section */
		D832BA4C28BE029100864B43 /* Sources */ = {
			isa = PBXSourcesBuildPhase;
			buildActionMask = 2147483647;
			files = (
				D832BA5828BE029100864B43 /* ViewController.swift in Sources */,
				D832BA6C28BE2A2800864B43 /* pub.swift in Sources */,
				D832BA6E28BE2A2C00864B43 /* sub.swift in Sources */,
				D832BA6828BE032C00864B43 /* rx.swift in Sources */,
				D832BA5428BE029100864B43 /* AppDelegate.swift in Sources */,
				D832BA5628BE029100864B43 /* SceneDelegate.swift in Sources */,
				D832BA6A28BE2A0D00864B43 /* event.swift in Sources */,
				D832BA7028BE2A3D00864B43 /* dispose.swift in Sources */,
			);
			runOnlyForDeploymentPostprocessing = 0;
		};
/* End PBXSourcesBuildPhase section */

/* Begin PBXVariantGroup section */
		D832BA5928BE029100864B43 /* Main.storyboard */ = {
			isa = PBXVariantGroup;
			children = (
				D832BA5A28BE029100864B43 /* Base */,
			);
			name = Main.storyboard;
			sourceTree = "<group>";
		};
		D832BA5E28BE029300864B43 /* LaunchScreen.storyboard */ = {
			isa = PBXVariantGroup;
			children = (
				D832BA5F28BE029300864B43 /* Base */,
			);
			name = LaunchScreen.storyboard;
			sourceTree = "<group>";
		};
/* End PBXVariantGroup section */

/* Begin XCBuildConfiguration section */
		D832BA6228BE029300864B43 /* Debug */ = {
			isa = XCBuildConfiguration;
			buildSettings = {
				ALWAYS_SEARCH_USER_PATHS = NO;
				CLANG_ANALYZER_NONNULL = YES;
				CLANG_ANALYZER_NUMBER_OBJECT_CONVERSION = YES_AGGRESSIVE;
				CLANG_CXX_LANGUAGE_STANDARD = "gnu++20";
				CLANG_ENABLE_MODULES = YES;
				CLANG_ENABLE_OBJC_ARC = YES;
				CLANG_ENABLE_OBJC_WEAK = YES;
				CLANG_WARN_BLOCK_CAPTURE_AUTORELEASING = YES;
				CLANG_WARN_BOOL_CONVERSION = YES;
				CLANG_WARN_COMMA = YES;
				CLANG_WARN_CONSTANT_CONVERSION = YES;
				CLANG_WARN_DEPRECATED_OBJC_IMPLEMENTATIONS = YES;
				CLANG_WARN_DIRECT_OBJC_ISA_USAGE = YES_ERROR;
				CLANG_WARN_DOCUMENTATION_COMMENTS = YES;
				CLANG_WARN_EMPTY_BODY = YES;
				CLANG_WARN_ENUM_CONVERSION = YES;
				CLANG_WARN_INFINITE_RECURSION = YES;
				CLANG_WARN_INT_CONVERSION = YES;
				CLANG_WARN_NON_LITERAL_NULL_CONVERSION = YES;
				CLANG_WARN_OBJC_IMPLICIT_RETAIN_SELF = YES;
				CLANG_WARN_OBJC_LITERAL_CONVERSION = YES;
				CLANG_WARN_OBJC_ROOT_CLASS = YES_ERROR;
				CLANG_WARN_QUOTED_INCLUDE_IN_FRAMEWORK_HEADER = YES;
				CLANG_WARN_RANGE_LOOP_ANALYSIS = YES;
				CLANG_WARN_STRICT_PROTOTYPES = YES;
				CLANG_WARN_SUSPICIOUS_MOVE = YES;
				CLANG_WARN_UNGUARDED_AVAILABILITY = YES_AGGRESSIVE;
				CLANG_WARN_UNREACHABLE_CODE = YES;
				CLANG_WARN__DUPLICATE_METHOD_MATCH = YES;
				COPY_PHASE_STRIP = NO;
				DEBUG_INFORMATION_FORMAT = dwarf;
				ENABLE_STRICT_OBJC_MSGSEND = YES;
				ENABLE_TESTABILITY = YES;
				GCC_C_LANGUAGE_STANDARD = gnu11;
				GCC_DYNAMIC_NO_PIC = NO;
				GCC_NO_COMMON_BLOCKS = YES;
				GCC_OPTIMIZATION_LEVEL = 0;
				GCC_PREPROCESSOR_DEFINITIONS = (
					"DEBUG=1",
					"$(inherited)",
				);
				GCC_WARN_64_TO_32_BIT_CONVERSION = YES;
				GCC_WARN_ABOUT_RETURN_TYPE = YES_ERROR;
				GCC_WARN_UNDECLARED_SELECTOR = YES;
				GCC_WARN_UNINITIALIZED_AUTOS = YES_AGGRESSIVE;
				GCC_WARN_UNUSED_FUNCTION = YES;
				GCC_WARN_UNUSED_VARIABLE = YES;
				IPHONEOS_DEPLOYMENT_TARGET = 16.0;
				MTL_ENABLE_DEBUG_INFO = INCLUDE_SOURCE;
				MTL_FAST_MATH = YES;
				ONLY_ACTIVE_ARCH = YES;
				SDKROOT = iphoneos;
				SWIFT_ACTIVE_COMPILATION_CONDITIONS = DEBUG;
				SWIFT_OPTIMIZATION_LEVEL = "-Onone";
			};
			name = Debug;
		};
		D832BA6328BE029300864B43 /* Release */ = {
			isa = XCBuildConfiguration;
			buildSettings = {
				ALWAYS_SEARCH_USER_PATHS = NO;
				CLANG_ANALYZER_NONNULL = YES;
				CLANG_ANALYZER_NUMBER_OBJECT_CONVERSION = YES_AGGRESSIVE;
				CLANG_CXX_LANGUAGE_STANDARD = "gnu++20";
				CLANG_ENABLE_MODULES = YES;
				CLANG_ENABLE_OBJC_ARC = YES;
				CLANG_ENABLE_OBJC_WEAK = YES;
				CLANG_WARN_BLOCK_CAPTURE_AUTORELEASING = YES;
				CLANG_WARN_BOOL_CONVERSION = YES;
				CLANG_WARN_COMMA = YES;
				CLANG_WARN_CONSTANT_CONVERSION = YES;
				CLANG_WARN_DEPRECATED_OBJC_IMPLEMENTATIONS = YES;
				CLANG_WARN_DIRECT_OBJC_ISA_USAGE = YES_ERROR;
				CLANG_WARN_DOCUMENTATION_COMMENTS = YES;
				CLANG_WARN_EMPTY_BODY = YES;
				CLANG_WARN_ENUM_CONVERSION = YES;
				CLANG_WARN_INFINITE_RECURSION = YES;
				CLANG_WARN_INT_CONVERSION = YES;
				CLANG_WARN_NON_LITERAL_NULL_CONVERSION = YES;
				CLANG_WARN_OBJC_IMPLICIT_RETAIN_SELF = YES;
				CLANG_WARN_OBJC_LITERAL_CONVERSION = YES;
				CLANG_WARN_OBJC_ROOT_CLASS = YES_ERROR;
				CLANG_WARN_QUOTED_INCLUDE_IN_FRAMEWORK_HEADER = YES;
				CLANG_WARN_RANGE_LOOP_ANALYSIS = YES;
				CLANG_WARN_STRICT_PROTOTYPES = YES;
				CLANG_WARN_SUSPICIOUS_MOVE = YES;
				CLANG_WARN_UNGUARDED_AVAILABILITY = YES_AGGRESSIVE;
				CLANG_WARN_UNREACHABLE_CODE = YES;
				CLANG_WARN__DUPLICATE_METHOD_MATCH = YES;
				COPY_PHASE_STRIP = NO;
				DEBUG_INFORMATION_FORMAT = "dwarf-with-dsym";
				ENABLE_NS_ASSERTIONS = NO;
				ENABLE_STRICT_OBJC_MSGSEND = YES;
				GCC_C_LANGUAGE_STANDARD = gnu11;
				GCC_NO_COMMON_BLOCKS = YES;
				GCC_WARN_64_TO_32_BIT_CONVERSION = YES;
				GCC_WARN_ABOUT_RETURN_TYPE = YES_ERROR;
				GCC_WARN_UNDECLARED_SELECTOR = YES;
				GCC_WARN_UNINITIALIZED_AUTOS = YES_AGGRESSIVE;
				GCC_WARN_UNUSED_FUNCTION = YES;
				GCC_WARN_UNUSED_VARIABLE = YES;
				IPHONEOS_DEPLOYMENT_TARGET = 16.0;
				MTL_ENABLE_DEBUG_INFO = NO;
				MTL_FAST_MATH = YES;
				SDKROOT = iphoneos;
				SWIFT_COMPILATION_MODE = wholemodule;
				SWIFT_OPTIMIZATION_LEVEL = "-O";
				VALIDATE_PRODUCT = YES;
			};
			name = Release;
		};
		D832BA6528BE029300864B43 /* Debug */ = {
			isa = XCBuildConfiguration;
			buildSettings = {
				ASSETCATALOG_COMPILER_APPICON_NAME = AppIcon;
				ASSETCATALOG_COMPILER_GLOBAL_ACCENT_COLOR_NAME = AccentColor;
				CODE_SIGN_STYLE = Automatic;
				CURRENT_PROJECT_VERSION = 1;
				DEVELOPMENT_TEAM = V32BKVPBTJ;
				GENERATE_INFOPLIST_FILE = YES;
				INFOPLIST_FILE = HBRxSwift/Info.plist;
				INFOPLIST_KEY_UIApplicationSupportsIndirectInputEvents = YES;
				INFOPLIST_KEY_UILaunchStoryboardName = LaunchScreen;
				INFOPLIST_KEY_UIMainStoryboardFile = Main;
				INFOPLIST_KEY_UISupportedInterfaceOrientations_iPad = "UIInterfaceOrientationPortrait UIInterfaceOrientationPortraitUpsideDown UIInterfaceOrientationLandscapeLeft UIInterfaceOrientationLandscapeRight";
				INFOPLIST_KEY_UISupportedInterfaceOrientations_iPhone = "UIInterfaceOrientationPortrait UIInterfaceOrientationLandscapeLeft UIInterfaceOrientationLandscapeRight";
				LD_RUNPATH_SEARCH_PATHS = (
					"$(inherited)",
					"@executable_path/Frameworks",
				);
				MARKETING_VERSION = 1.0;
				PRODUCT_BUNDLE_IDENTIFIER = top.haoboxuxu.HBRxSwift;
				PRODUCT_NAME = "$(TARGET_NAME)";
				SWIFT_EMIT_LOC_STRINGS = YES;
				SWIFT_VERSION = 5.0;
				TARGETED_DEVICE_FAMILY = "1,2";
			};
			name = Debug;
		};
		D832BA6628BE029300864B43 /* Release */ = {
			isa = XCBuildConfiguration;
			buildSettings = {
				ASSETCATALOG_COMPILER_APPICON_NAME = AppIcon;
				ASSETCATALOG_COMPILER_GLOBAL_ACCENT_COLOR_NAME = AccentColor;
				CODE_SIGN_STYLE = Automatic;
				CURRENT_PROJECT_VERSION = 1;
				DEVELOPMENT_TEAM = V32BKVPBTJ;
				GENERATE_INFOPLIST_FILE = YES;
				INFOPLIST_FILE = HBRxSwift/Info.plist;
				INFOPLIST_KEY_UIApplicationSupportsIndirectInputEvents = YES;
				INFOPLIST_KEY_UILaunchStoryboardName = LaunchScreen;
				INFOPLIST_KEY_UIMainStoryboardFile = Main;
				INFOPLIST_KEY_UISupportedInterfaceOrientations_iPad = "UIInterfaceOrientationPortrait UIInterfaceOrientationPortraitUpsideDown UIInterfaceOrientationLandscapeLeft UIInterfaceOrientationLandscapeRight";
				INFOPLIST_KEY_UISupportedInterfaceOrientations_iPhone = "UIInterfaceOrientationPortrait UIInterfaceOrientationLandscapeLeft UIInterfaceOrientationLandscapeRight";
				LD_RUNPATH_SEARCH_PATHS = (
					"$(inherited)",
					"@executable_path/Frameworks",
				);
				MARKETING_VERSION = 1.0;
				PRODUCT_BUNDLE_IDENTIFIER = top.haoboxuxu.HBRxSwift;
				PRODUCT_NAME = "$(TARGET_NAME)";
				SWIFT_EMIT_LOC_STRINGS = YES;
				SWIFT_VERSION = 5.0;
				TARGETED_DEVICE_FAMILY = "1,2";
			};
			name = Release;
		};
/* End XCBuildConfiguration section */

/* Begin XCConfigurationList section */
		D832BA4B28BE029100864B43 /* Build configuration list for PBXProject "HBRxSwift" */ = {
			isa = XCConfigurationList;
			buildConfigurations = (
				D832BA6228BE029300864B43 /* Debug */,
				D832BA6328BE029300864B43 /* Release */,
			);
			defaultConfigurationIsVisible = 0;
			defaultConfigurationName = Release;
		};
		D832BA6428BE029300864B43 /* Build configuration list for PBXNativeTarget "HBRxSwift" */ = {
			isa = XCConfigurationList;
			buildConfigurations = (
				D832BA6528BE029300864B43 /* Debug */,
				D832BA6628BE029300864B43 /* Release */,
			);
			defaultConfigurationIsVisible = 0;
			defaultConfigurationName = Release;
		};
/* End XCConfigurationList section */
	};
	rootObject = D832BA4828BE029100864B43 /* Project object */;
}
